// !$*UTF8*$!
{
	archiveVersion = 1;
	classes = {
	};
	objectVersion = 51;
	objects = {

/* Begin PBXBuildFile section */
		68C136892066E97A00531A77 /* RESTService.swift in Sources */ = {isa = PBXBuildFile; fileRef = 68C136882066E97A00531A77 /* RESTService.swift */; };
		7B3D7E85206896AD00CFFC8B /* LocationService.swift in Sources */ = {isa = PBXBuildFile; fileRef = 7B3D7E84206896AD00CFFC8B /* LocationService.swift */; };
		7B3DC50A206C736200E3061B /* StoredLocation+CoreDataClass.swift in Sources */ = {isa = PBXBuildFile; fileRef = 7B3DC508206C736200E3061B /* StoredLocation+CoreDataClass.swift */; };
		7B3DC50B206C736200E3061B /* StoredLocation+CoreDataProperties.swift in Sources */ = {isa = PBXBuildFile; fileRef = 7B3DC509206C736200E3061B /* StoredLocation+CoreDataProperties.swift */; };
		7BF2A2B22066BAAF00F5F880 /* AppDelegate.swift in Sources */ = {isa = PBXBuildFile; fileRef = 7BF2A2B12066BAAF00F5F880 /* AppDelegate.swift */; };
		7BF2A2B42066BAAF00F5F880 /* RestaurantViewController.swift in Sources */ = {isa = PBXBuildFile; fileRef = 7BF2A2B32066BAAF00F5F880 /* RestaurantViewController.swift */; };
		7BF2A2B72066BAAF00F5F880 /* Main.storyboard in Resources */ = {isa = PBXBuildFile; fileRef = 7BF2A2B52066BAAF00F5F880 /* Main.storyboard */; };
		7BF2A2BA2066BAAF00F5F880 /* foodie.xcdatamodeld in Sources */ = {isa = PBXBuildFile; fileRef = 7BF2A2B82066BAAF00F5F880 /* foodie.xcdatamodeld */; };
		7BF2A2BC2066BAAF00F5F880 /* Assets.xcassets in Resources */ = {isa = PBXBuildFile; fileRef = 7BF2A2BB2066BAAF00F5F880 /* Assets.xcassets */; };
		7BF2A2BF2066BAAF00F5F880 /* LaunchScreen.storyboard in Resources */ = {isa = PBXBuildFile; fileRef = 7BF2A2BD2066BAAF00F5F880 /* LaunchScreen.storyboard */; };
		7BF2A2C72066BB8300F5F880 /* CoreDataStack.swift in Sources */ = {isa = PBXBuildFile; fileRef = 7BF2A2C62066BB8300F5F880 /* CoreDataStack.swift */; };
		7BF2A2C92066BD9F00F5F880 /* FoodieService.swift in Sources */ = {isa = PBXBuildFile; fileRef = 7BF2A2C82066BD9F00F5F880 /* FoodieService.swift */; };
		7BF2A2DC20673E4E00F5F880 /* Restaurant+CoreDataClass.swift in Sources */ = {isa = PBXBuildFile; fileRef = 7BF2A2DA20673E4E00F5F880 /* Restaurant+CoreDataClass.swift */; };
		7BF2A2DD20673E4E00F5F880 /* Restaurant+CoreDataProperties.swift in Sources */ = {isa = PBXBuildFile; fileRef = 7BF2A2DB20673E4E00F5F880 /* Restaurant+CoreDataProperties.swift */; };
		7BF2A2DF20681EB600F5F880 /* MainViewController.swift in Sources */ = {isa = PBXBuildFile; fileRef = 7BF2A2DE20681EB600F5F880 /* MainViewController.swift */; };
		7BF2A2E120681ECF00F5F880 /* RestaurantTableViewCell.swift in Sources */ = {isa = PBXBuildFile; fileRef = 7BF2A2E020681ECF00F5F880 /* RestaurantTableViewCell.swift */; };
		7BF2A2E320682FEB00F5F880 /* Place.swift in Sources */ = {isa = PBXBuildFile; fileRef = 7BF2A2E220682FEB00F5F880 /* Place.swift */; };
/* End PBXBuildFile section */

/* Begin PBXFileReference section */
		68C136882066E97A00531A77 /* RESTService.swift */ = {isa = PBXFileReference; lastKnownFileType = sourcecode.swift; path = RESTService.swift; sourceTree = "<group>"; };
		7B3D7E84206896AD00CFFC8B /* LocationService.swift */ = {isa = PBXFileReference; lastKnownFileType = sourcecode.swift; path = LocationService.swift; sourceTree = "<group>"; };
		7B3DC508206C736200E3061B /* StoredLocation+CoreDataClass.swift */ = {isa = PBXFileReference; lastKnownFileType = sourcecode.swift; path = "StoredLocation+CoreDataClass.swift"; sourceTree = "<group>"; };
		7B3DC509206C736200E3061B /* StoredLocation+CoreDataProperties.swift */ = {isa = PBXFileReference; lastKnownFileType = sourcecode.swift; path = "StoredLocation+CoreDataProperties.swift"; sourceTree = "<group>"; };
		7BF2A2AE2066BAAF00F5F880 /* foodie.app */ = {isa = PBXFileReference; explicitFileType = wrapper.application; includeInIndex = 0; path = foodie.app; sourceTree = BUILT_PRODUCTS_DIR; };
		7BF2A2B12066BAAF00F5F880 /* AppDelegate.swift */ = {isa = PBXFileReference; lastKnownFileType = sourcecode.swift; path = AppDelegate.swift; sourceTree = "<group>"; };
		7BF2A2B32066BAAF00F5F880 /* RestaurantViewController.swift */ = {isa = PBXFileReference; lastKnownFileType = sourcecode.swift; path = RestaurantViewController.swift; sourceTree = "<group>"; };
		7BF2A2B62066BAAF00F5F880 /* Base */ = {isa = PBXFileReference; lastKnownFileType = file.storyboard; name = Base; path = Base.lproj/Main.storyboard; sourceTree = "<group>"; };
		7BF2A2B92066BAAF00F5F880 /* foodie.xcdatamodel */ = {isa = PBXFileReference; lastKnownFileType = wrapper.xcdatamodel; path = foodie.xcdatamodel; sourceTree = "<group>"; };
		7BF2A2BB2066BAAF00F5F880 /* Assets.xcassets */ = {isa = PBXFileReference; lastKnownFileType = folder.assetcatalog; path = Assets.xcassets; sourceTree = "<group>"; };
		7BF2A2BE2066BAAF00F5F880 /* Base */ = {isa = PBXFileReference; lastKnownFileType = file.storyboard; name = Base; path = Base.lproj/LaunchScreen.storyboard; sourceTree = "<group>"; };
		7BF2A2C02066BAAF00F5F880 /* Info.plist */ = {isa = PBXFileReference; lastKnownFileType = text.plist.xml; path = Info.plist; sourceTree = "<group>"; };
		7BF2A2C62066BB8300F5F880 /* CoreDataStack.swift */ = {isa = PBXFileReference; lastKnownFileType = sourcecode.swift; path = CoreDataStack.swift; sourceTree = "<group>"; };
		7BF2A2C82066BD9F00F5F880 /* FoodieService.swift */ = {isa = PBXFileReference; lastKnownFileType = sourcecode.swift; path = FoodieService.swift; sourceTree = "<group>"; };
		7BF2A2DA20673E4E00F5F880 /* Restaurant+CoreDataClass.swift */ = {isa = PBXFileReference; lastKnownFileType = sourcecode.swift; path = "Restaurant+CoreDataClass.swift"; sourceTree = "<group>"; };
		7BF2A2DB20673E4E00F5F880 /* Restaurant+CoreDataProperties.swift */ = {isa = PBXFileReference; lastKnownFileType = sourcecode.swift; path = "Restaurant+CoreDataProperties.swift"; sourceTree = "<group>"; };
		7BF2A2DE20681EB600F5F880 /* MainViewController.swift */ = {isa = PBXFileReference; lastKnownFileType = sourcecode.swift; path = MainViewController.swift; sourceTree = "<group>"; };
		7BF2A2E020681ECF00F5F880 /* RestaurantTableViewCell.swift */ = {isa = PBXFileReference; lastKnownFileType = sourcecode.swift; path = RestaurantTableViewCell.swift; sourceTree = "<group>"; };
		7BF2A2E220682FEB00F5F880 /* Place.swift */ = {isa = PBXFileReference; lastKnownFileType = sourcecode.swift; path = Place.swift; sourceTree = "<group>"; };
/* End PBXFileReference section */

/* Begin PBXFrameworksBuildPhase section */
		7BF2A2AB2066BAAF00F5F880 /* Frameworks */ = {
			isa = PBXFrameworksBuildPhase;
			buildActionMask = 2147483647;
			files = (
			);
			runOnlyForDeploymentPostprocessing = 0;
		};
/* End PBXFrameworksBuildPhase section */

/* Begin PBXGroup section */
		7BF2A2A52066BAAF00F5F880 = {
			isa = PBXGroup;
			children = (
				7BF2A2B02066BAAF00F5F880 /* foodie */,
				7BF2A2AF2066BAAF00F5F880 /* Products */,
			);
			sourceTree = "<group>";
		};
		7BF2A2AF2066BAAF00F5F880 /* Products */ = {
			isa = PBXGroup;
			children = (
				7BF2A2AE2066BAAF00F5F880 /* foodie.app */,
			);
			name = Products;
			sourceTree = "<group>";
		};
		7BF2A2B02066BAAF00F5F880 /* foodie */ = {
			isa = PBXGroup;
			children = (
				7BF2A2D420673BA300F5F880 /* controller */,
				7BF2A2D520673BCE00F5F880 /* view */,
				7BF2A2D320673B9400F5F880 /* service */,
				7BF2A2CE20673AF000F5F880 /* model */,
				7BF2A2B12066BAAF00F5F880 /* AppDelegate.swift */,
				7BF2A2B52066BAAF00F5F880 /* Main.storyboard */,
				7BF2A2BB2066BAAF00F5F880 /* Assets.xcassets */,
				7BF2A2BD2066BAAF00F5F880 /* LaunchScreen.storyboard */,
				7BF2A2C02066BAAF00F5F880 /* Info.plist */,
			);
			path = foodie;
			sourceTree = "<group>";
		};
		7BF2A2CE20673AF000F5F880 /* model */ = {
			isa = PBXGroup;
			children = (
				7BF2A2C62066BB8300F5F880 /* CoreDataStack.swift */,
				7BF2A2B82066BAAF00F5F880 /* foodie.xcdatamodeld */,
				7BF2A2E220682FEB00F5F880 /* Place.swift */,
				7B3DC508206C736200E3061B /* StoredLocation+CoreDataClass.swift */,
				7B3DC509206C736200E3061B /* StoredLocation+CoreDataProperties.swift */,
				7BF2A2DA20673E4E00F5F880 /* Restaurant+CoreDataClass.swift */,
				7BF2A2DB20673E4E00F5F880 /* Restaurant+CoreDataProperties.swift */,
			);
			path = model;
			sourceTree = SOURCE_ROOT;
		};
		7BF2A2D320673B9400F5F880 /* service */ = {
			isa = PBXGroup;
			children = (
				68C136882066E97A00531A77 /* RESTService.swift */,
				7BF2A2C82066BD9F00F5F880 /* FoodieService.swift */,
				7B3D7E84206896AD00CFFC8B /* LocationService.swift */,
			);
			path = service;
			sourceTree = "<group>";
		};
		7BF2A2D420673BA300F5F880 /* controller */ = {
			isa = PBXGroup;
			children = (
				7BF2A2B32066BAAF00F5F880 /* RestaurantViewController.swift */,
				7BF2A2DE20681EB600F5F880 /* MainViewController.swift */,
			);
			path = controller;
			sourceTree = "<group>";
		};
		7BF2A2D520673BCE00F5F880 /* view */ = {
			isa = PBXGroup;
			children = (
				7BF2A2E020681ECF00F5F880 /* RestaurantTableViewCell.swift */,
			);
			path = view;
			sourceTree = "<group>";
		};
/* End PBXGroup section */

/* Begin PBXNativeTarget section */
		7BF2A2AD2066BAAF00F5F880 /* foodie */ = {
			isa = PBXNativeTarget;
			buildConfigurationList = 7BF2A2C32066BAAF00F5F880 /* Build configuration list for PBXNativeTarget "foodie" */;
			buildPhases = (
				7BF2A2AA2066BAAF00F5F880 /* Sources */,
				7BF2A2AB2066BAAF00F5F880 /* Frameworks */,
				7BF2A2AC2066BAAF00F5F880 /* Resources */,
			);
			buildRules = (
			);
			dependencies = (
			);
			name = foodie;
			productName = foodie;
			productReference = 7BF2A2AE2066BAAF00F5F880 /* foodie.app */;
			productType = "com.apple.product-type.application";
		};
/* End PBXNativeTarget section */

/* Begin PBXProject section */
		7BF2A2A62066BAAF00F5F880 /* Project object */ = {
			isa = PBXProject;
			attributes = {
				LastSwiftUpdateCheck = 0920;
				LastUpgradeCheck = 1000;
				ORGANIZATIONNAME = devhubs;
				TargetAttributes = {
					7BF2A2AD2066BAAF00F5F880 = {
						CreatedOnToolsVersion = 9.2;
						LastSwiftMigration = 1000;
						ProvisioningStyle = Automatic;
					};
				};
			};
			buildConfigurationList = 7BF2A2A92066BAAF00F5F880 /* Build configuration list for PBXProject "foodie" */;
			compatibilityVersion = "Xcode 10.0";
			developmentRegion = en;
			hasScannedForEncodings = 0;
			knownRegions = (
				en,
				Base,
			);
			mainGroup = 7BF2A2A52066BAAF00F5F880;
			productRefGroup = 7BF2A2AF2066BAAF00F5F880 /* Products */;
			projectDirPath = "";
			projectRoot = "";
			targets = (
				7BF2A2AD2066BAAF00F5F880 /* foodie */,
			);
		};
/* End PBXProject section */

/* Begin PBXResourcesBuildPhase section */
		7BF2A2AC2066BAAF00F5F880 /* Resources */ = {
			isa = PBXResourcesBuildPhase;
			buildActionMask = 2147483647;
			files = (
				7BF2A2BF2066BAAF00F5F880 /* LaunchScreen.storyboard in Resources */,
				7BF2A2BC2066BAAF00F5F880 /* Assets.xcassets in Resources */,
				7BF2A2B72066BAAF00F5F880 /* Main.storyboard in Resources */,
			);
			runOnlyForDeploymentPostprocessing = 0;
		};
/* End PBXResourcesBuildPhase section */

/* Begin PBXSourcesBuildPhase section */
		7BF2A2AA2066BAAF00F5F880 /* Sources */ = {
			isa = PBXSourcesBuildPhase;
			buildActionMask = 2147483647;
			files = (
				7BF2A2B42066BAAF00F5F880 /* RestaurantViewController.swift in Sources */,
				7BF2A2DF20681EB600F5F880 /* MainViewController.swift in Sources */,
				7BF2A2C92066BD9F00F5F880 /* FoodieService.swift in Sources */,
				7BF2A2E320682FEB00F5F880 /* Place.swift in Sources */,
				7BF2A2E120681ECF00F5F880 /* RestaurantTableViewCell.swift in Sources */,
				7B3DC50A206C736200E3061B /* StoredLocation+CoreDataClass.swift in Sources */,
				7BF2A2B22066BAAF00F5F880 /* AppDelegate.swift in Sources */,
				7B3DC50B206C736200E3061B /* StoredLocation+CoreDataProperties.swift in Sources */,
				7BF2A2BA2066BAAF00F5F880 /* foodie.xcdatamodeld in Sources */,
				7BF2A2C72066BB8300F5F880 /* CoreDataStack.swift in Sources */,
				7B3D7E85206896AD00CFFC8B /* LocationService.swift in Sources */,
				7BF2A2DD20673E4E00F5F880 /* Restaurant+CoreDataProperties.swift in Sources */,
				7BF2A2DC20673E4E00F5F880 /* Restaurant+CoreDataClass.swift in Sources */,
				68C136892066E97A00531A77 /* RESTService.swift in Sources */,
			);
			runOnlyForDeploymentPostprocessing = 0;
		};
/* End PBXSourcesBuildPhase section */

/* Begin PBXVariantGroup section */
		7BF2A2B52066BAAF00F5F880 /* Main.storyboard */ = {
			isa = PBXVariantGroup;
			children = (
				7BF2A2B62066BAAF00F5F880 /* Base */,
			);
			name = Main.storyboard;
			sourceTree = "<group>";
		};
		7BF2A2BD2066BAAF00F5F880 /* LaunchScreen.storyboard */ = {
			isa = PBXVariantGroup;
			children = (
				7BF2A2BE2066BAAF00F5F880 /* Base */,
			);
			name = LaunchScreen.storyboard;
			sourceTree = "<group>";
		};
/* End PBXVariantGroup section */

/* Begin XCBuildConfiguration section */
		7BF2A2C12066BAAF00F5F880 /* Debug */ = {
			isa = XCBuildConfiguration;
			buildSettings = {
				ALWAYS_SEARCH_USER_PATHS = NO;
				CLANG_ANALYZER_NONNULL = YES;
				CLANG_ANALYZER_NUMBER_OBJECT_CONVERSION = YES_AGGRESSIVE;
				CLANG_CXX_LANGUAGE_STANDARD = "gnu++14";
				CLANG_CXX_LIBRARY = "libc++";
				CLANG_ENABLE_MODULES = YES;
				CLANG_ENABLE_OBJC_ARC = YES;
				CLANG_WARN_BLOCK_CAPTURE_AUTORELEASING = YES;
				CLANG_WARN_BOOL_CONVERSION = YES;
				CLANG_WARN_COMMA = YES;
				CLANG_WARN_CONSTANT_CONVERSION = YES;
				CLANG_WARN_DEPRECATED_OBJC_IMPLEMENTATIONS = YES;
				CLANG_WARN_DIRECT_OBJC_ISA_USAGE = YES_ERROR;
				CLANG_WARN_DOCUMENTATION_COMMENTS = YES;
				CLANG_WARN_EMPTY_BODY = YES;
				CLANG_WARN_ENUM_CONVERSION = YES;
				CLANG_WARN_INFINITE_RECURSION = YES;
				CLANG_WARN_INT_CONVERSION = YES;
				CLANG_WARN_NON_LITERAL_NULL_CONVERSION = YES;
				CLANG_WARN_OBJC_IMPLICIT_RETAIN_SELF = YES;
				CLANG_WARN_OBJC_LITERAL_CONVERSION = YES;
				CLANG_WARN_OBJC_ROOT_CLASS = YES_ERROR;
				CLANG_WARN_RANGE_LOOP_ANALYSIS = YES;
				CLANG_WARN_STRICT_PROTOTYPES = YES;
				CLANG_WARN_SUSPICIOUS_MOVE = YES;
				CLANG_WARN_UNGUARDED_AVAILABILITY = YES_AGGRESSIVE;
				CLANG_WARN_UNREACHABLE_CODE = YES;
				CLANG_WARN__DUPLICATE_METHOD_MATCH = YES;
				CODE_SIGN_IDENTITY = "iPhone Developer";
				COPY_PHASE_STRIP = NO;
				DEBUG_INFORMATION_FORMAT = dwarf;
				ENABLE_STRICT_OBJC_MSGSEND = YES;
				ENABLE_TESTABILITY = YES;
				GCC_C_LANGUAGE_STANDARD = gnu11;
				GCC_DYNAMIC_NO_PIC = NO;
				GCC_NO_COMMON_BLOCKS = YES;
				GCC_OPTIMIZATION_LEVEL = 0;
				GCC_PREPROCESSOR_DEFINITIONS = (
					"DEBUG=1",
					"$(inherited)",
				);
				GCC_WARN_64_TO_32_BIT_CONVERSION = YES;
				GCC_WARN_ABOUT_RETURN_TYPE = YES_ERROR;
				GCC_WARN_UNDECLARED_SELECTOR = YES;
				GCC_WARN_UNINITIALIZED_AUTOS = YES_AGGRESSIVE;
				GCC_WARN_UNUSED_FUNCTION = YES;
				GCC_WARN_UNUSED_VARIABLE = YES;
				IPHONEOS_DEPLOYMENT_TARGET = 12.0;
				MTL_ENABLE_DEBUG_INFO = YES;
				ONLY_ACTIVE_ARCH = YES;
				SDKROOT = iphoneos;
				SWIFT_ACTIVE_COMPILATION_CONDITIONS = DEBUG;
				SWIFT_COMPILATION_MODE = singlefile;
				SWIFT_OPTIMIZATION_LEVEL = "-Onone";
			};
			name = Debug;
		};
		7BF2A2C22066BAAF00F5F880 /* Release */ = {
			isa = XCBuildConfiguration;
			buildSettings = {
				ALWAYS_SEARCH_USER_PATHS = NO;
				CLANG_ANALYZER_NONNULL = YES;
				CLANG_ANALYZER_NUMBER_OBJECT_CONVERSION = YES_AGGRESSIVE;
				CLANG_CXX_LANGUAGE_STANDARD = "gnu++14";
				CLANG_CXX_LIBRARY = "libc++";
				CLANG_ENABLE_MODULES = YES;
				CLANG_ENABLE_OBJC_ARC = YES;
				CLANG_WARN_BLOCK_CAPTURE_AUTORELEASING = YES;
				CLANG_WARN_BOOL_CONVERSION = YES;
				CLANG_WARN_COMMA = YES;
				CLANG_WARN_CONSTANT_CONVERSION = YES;
				CLANG_WARN_DEPRECATED_OBJC_IMPLEMENTATIONS = YES;
				CLANG_WARN_DIRECT_OBJC_ISA_USAGE = YES_ERROR;
				CLANG_WARN_DOCUMENTATION_COMMENTS = YES;
				CLANG_WARN_EMPTY_BODY = YES;
				CLANG_WARN_ENUM_CONVERSION = YES;
				CLANG_WARN_INFINITE_RECURSION = YES;
				CLANG_WARN_INT_CONVERSION = YES;
				CLANG_WARN_NON_LITERAL_NULL_CONVERSION = YES;
				CLANG_WARN_OBJC_IMPLICIT_RETAIN_SELF = YES;
				CLANG_WARN_OBJC_LITERAL_CONVERSION = YES;
				CLANG_WARN_OBJC_ROOT_CLASS = YES_ERROR;
				CLANG_WARN_RANGE_LOOP_ANALYSIS = YES;
				CLANG_WARN_STRICT_PROTOTYPES = YES;
				CLANG_WARN_SUSPICIOUS_MOVE = YES;
				CLANG_WARN_UNGUARDED_AVAILABILITY = YES_AGGRESSIVE;
				CLANG_WARN_UNREACHABLE_CODE = YES;
				CLANG_WARN__DUPLICATE_METHOD_MATCH = YES;
				CODE_SIGN_IDENTITY = "iPhone Developer";
				COPY_PHASE_STRIP = NO;
				DEBUG_INFORMATION_FORMAT = "dwarf-with-dsym";
				ENABLE_NS_ASSERTIONS = NO;
				ENABLE_STRICT_OBJC_MSGSEND = YES;
				GCC_C_LANGUAGE_STANDARD = gnu11;
				GCC_NO_COMMON_BLOCKS = YES;
				GCC_WARN_64_TO_32_BIT_CONVERSION = YES;
				GCC_WARN_ABOUT_RETURN_TYPE = YES_ERROR;
				GCC_WARN_UNDECLARED_SELECTOR = YES;
				GCC_WARN_UNINITIALIZED_AUTOS = YES_AGGRESSIVE;
				GCC_WARN_UNUSED_FUNCTION = YES;
				GCC_WARN_UNUSED_VARIABLE = YES;
				IPHONEOS_DEPLOYMENT_TARGET = 12.0;
				MTL_ENABLE_DEBUG_INFO = NO;
				SDKROOT = iphoneos;
				SWIFT_COMPILATION_MODE = wholemodule;
				SWIFT_OPTIMIZATION_LEVEL = "-O";
				VALIDATE_PRODUCT = YES;
			};
			name = Release;
		};
		7BF2A2C42066BAAF00F5F880 /* Debug */ = {
			isa = XCBuildConfiguration;
			buildSettings = {
				ASSETCATALOG_COMPILER_APPICON_NAME = AppIcon;
				CODE_SIGN_STYLE = Automatic;
				DEVELOPMENT_TEAM = MW4DYSHR2N;
				INFOPLIST_FILE = foodie/Info.plist;
				LD_RUNPATH_SEARCH_PATHS = "$(inherited) @executable_path/Frameworks";
				PRODUCT_BUNDLE_IDENTIFIER = com.devhubs.foodie;
				PRODUCT_NAME = "$(TARGET_NAME)";
				SWIFT_VERSION = 4.2;
				TARGETED_DEVICE_FAMILY = 1;
			};
			name = Debug;
		};
		7BF2A2C52066BAAF00F5F880 /* Release */ = {
			isa = XCBuildConfiguration;
			buildSettings = {
				ASSETCATALOG_COMPILER_APPICON_NAME = AppIcon;
				CODE_SIGN_STYLE = Automatic;
				DEVELOPMENT_TEAM = MW4DYSHR2N;
				INFOPLIST_FILE = foodie/Info.plist;
				LD_RUNPATH_SEARCH_PATHS = "$(inherited) @executable_path/Frameworks";
				PRODUCT_BUNDLE_IDENTIFIER = com.devhubs.foodie;
				PRODUCT_NAME = "$(TARGET_NAME)";
				SWIFT_VERSION = 4.2;
				TARGETED_DEVICE_FAMILY = 1;
			};
			name = Release;
		};
/* End XCBuildConfiguration section */

/* Begin XCConfigurationList section */
		7BF2A2A92066BAAF00F5F880 /* Build configuration list for PBXProject "foodie" */ = {
			isa = XCConfigurationList;
			buildConfigurations = (
				7BF2A2C12066BAAF00F5F880 /* Debug */,
				7BF2A2C22066BAAF00F5F880 /* Release */,
			);
			defaultConfigurationIsVisible = 0;
			defaultConfigurationName = Release;
		};
		7BF2A2C32066BAAF00F5F880 /* Build configuration list for PBXNativeTarget "foodie" */ = {
			isa = XCConfigurationList;
			buildConfigurations = (
				7BF2A2C42066BAAF00F5F880 /* Debug */,
				7BF2A2C52066BAAF00F5F880 /* Release */,
			);
			defaultConfigurationIsVisible = 0;
			defaultConfigurationName = Release;
		};
/* End XCConfigurationList section */

/* Begin XCVersionGroup section */
		7BF2A2B82066BAAF00F5F880 /* foodie.xcdatamodeld */ = {
			isa = XCVersionGroup;
			children = (
				7BF2A2B92066BAAF00F5F880 /* foodie.xcdatamodel */,
			);
			currentVersion = 7BF2A2B92066BAAF00F5F880 /* foodie.xcdatamodel */;
			path = foodie.xcdatamodeld;
			sourceTree = "<group>";
			versionGroupType = wrapper.xcdatamodel;
		};
/* End XCVersionGroup section */
	};
	rootObject = 7BF2A2A62066BAAF00F5F880 /* Project object */;
}
